
Microsoft Visual Studio Solution File, Format Version 12.00
# Visual Studio Version 17
VisualStudioVersion = 17.7.34003.232
MinimumVisualStudioVersion = 10.0.40219.1
Project("{FAE04EC0-301F-11D3-BF4B-00C04F79EFBC}") = "TA21-ej15", "TA21-ej15.csproj", "{7EF84211-BC3F-4059-80E1-64B077F2C8B0}"
EndProject
Global
	GlobalSection(SolutionConfigurationPlatforms) = preSolution
		Debug|Any CPU = Debug|Any CPU
		Release|Any CPU = Release|Any CPU
	EndGlobalSection
	GlobalSection(ProjectConfigurationPlatforms) = postSolution
		{7EF84211-BC3F-4059-80E1-64B077F2C8B0}.Debug|Any CPU.ActiveCfg = Debug|Any CPU
		{7EF84211-BC3F-4059-80E1-64B077F2C8B0}.Debug|Any CPU.Build.0 = Debug|Any CPU
		{7EF84211-BC3F-4059-80E1-64B077F2C8B0}.Release|Any CPU.ActiveCfg = Release|Any CPU
		{7EF84211-BC3F-4059-80E1-64B077F2C8B0}.Release|Any CPU.Build.0 = Release|Any CPU
	EndGlobalSection
	GlobalSection(SolutionProperties) = preSolution
		HideSolutionNode = FALSE
	EndGlobalSection
	GlobalSection(ExtensibilityGlobals) = postSolution
		SolutionGuid = {B434777C-F753-4D13-AEDB-88CA20F0CDD1}
	EndGlobalSection
EndGlobal
