
Microsoft Visual Studio Solution File, Format Version 12.00
# Visual Studio Version 17
VisualStudioVersion = 17.7.34003.232
MinimumVisualStudioVersion = 10.0.40219.1
Project("{FAE04EC0-301F-11D3-BF4B-00C04F79EFBC}") = "TA21-ej09", "TA21-ej09.csproj", "{CF4F77AE-073F-4677-872D-D5727E11CA42}"
EndProject
Global
	GlobalSection(SolutionConfigurationPlatforms) = preSolution
		Debug|Any CPU = Debug|Any CPU
		Release|Any CPU = Release|Any CPU
	EndGlobalSection
	GlobalSection(ProjectConfigurationPlatforms) = postSolution
		{CF4F77AE-073F-4677-872D-D5727E11CA42}.Debug|Any CPU.ActiveCfg = Debug|Any CPU
		{CF4F77AE-073F-4677-872D-D5727E11CA42}.Debug|Any CPU.Build.0 = Debug|Any CPU
		{CF4F77AE-073F-4677-872D-D5727E11CA42}.Release|Any CPU.ActiveCfg = Release|Any CPU
		{CF4F77AE-073F-4677-872D-D5727E11CA42}.Release|Any CPU.Build.0 = Release|Any CPU
	EndGlobalSection
	GlobalSection(SolutionProperties) = preSolution
		HideSolutionNode = FALSE
	EndGlobalSection
	GlobalSection(ExtensibilityGlobals) = postSolution
		SolutionGuid = {BC7D3F67-AB40-496C-8B3C-190F416EFD23}
	EndGlobalSection
EndGlobal
